
Microsoft Visual Studio Solution File, Format Version 11.00
# Visual Studio 2010
Project("{FAE04EC0-301F-11D3-BF4B-00C04F79EFBC}") = "Assembly-CSharp", "Assembly-CSharp.csproj", "{B77B0E51-6D44-8DF6-A15E-93EC114AAAD5}"
EndProject
Global
	GlobalSection(SolutionConfigurationPlatforms) = preSolution
		Debug|Any CPU = Debug|Any CPU
		Release|Any CPU = Release|Any CPU
	EndGlobalSection
	GlobalSection(ProjectConfigurationPlatforms) = postSolution
		{B77B0E51-6D44-8DF6-A15E-93EC114AAAD5}.Debug|Any CPU.ActiveCfg = Debug|Any CPU
		{B77B0E51-6D44-8DF6-A15E-93EC114AAAD5}.Debug|Any CPU.Build.0 = Debug|Any CPU
		{B77B0E51-6D44-8DF6-A15E-93EC114AAAD5}.Release|Any CPU.ActiveCfg = Release|Any CPU
		{B77B0E51-6D44-8DF6-A15E-93EC114AAAD5}.Release|Any CPU.Build.0 = Release|Any CPU
	EndGlobalSection
	GlobalSection(SolutionProperties) = preSolution
		HideSolutionNode = FALSE
	EndGlobalSection
EndGlobal
